
Microsoft Visual Studio Solution File, Format Version 12.00
# Visual Studio Version 16
VisualStudioVersion = 16.0.32630.194
MinimumVisualStudioVersion = 10.0.40219.1
Project("{FAE04EC0-301F-11D3-BF4B-00C04F79EFBC}") = "TinhToanHoaDon", "TinhToanHoaDon\TinhToanHoaDon.csproj", "{046E78E0-B539-4FF3-AE47-670FFD17B7EE}"
EndProject
Global
	GlobalSection(SolutionConfigurationPlatforms) = preSolution
		Debug|Any CPU = Debug|Any CPU
		Release|Any CPU = Release|Any CPU
	EndGlobalSection
	GlobalSection(ProjectConfigurationPlatforms) = postSolution
		{046E78E0-B539-4FF3-AE47-670FFD17B7EE}.Debug|Any CPU.ActiveCfg = Debug|Any CPU
		{046E78E0-B539-4FF3-AE47-670FFD17B7EE}.Debug|Any CPU.Build.0 = Debug|Any CPU
		{046E78E0-B539-4FF3-AE47-670FFD17B7EE}.Release|Any CPU.ActiveCfg = Release|Any CPU
		{046E78E0-B539-4FF3-AE47-670FFD17B7EE}.Release|Any CPU.Build.0 = Release|Any CPU
	EndGlobalSection
	GlobalSection(SolutionProperties) = preSolution
		HideSolutionNode = FALSE
	EndGlobalSection
	GlobalSection(ExtensibilityGlobals) = postSolution
		SolutionGuid = {B38B6863-A402-44DA-9B0B-69620AB4ED70}
	EndGlobalSection
EndGlobal
